
Microsoft Visual Studio Solution File, Format Version 12.00
# Visual Studio Version 17
VisualStudioVersion = 17.4.32804.182
MinimumVisualStudioVersion = 10.0.40219.1
Project("{FAE04EC0-301F-11D3-BF4B-00C04F79EFBC}") = "WinFormsApp1", "WinFormsApp1\WinFormsApp1.csproj", "{30610124-0103-477E-A221-D78B8144B510}"
EndProject
Global
	GlobalSection(SolutionConfigurationPlatforms) = preSolution
		Debug|Any CPU = Debug|Any CPU
		Release|Any CPU = Release|Any CPU
	EndGlobalSection
	GlobalSection(ProjectConfigurationPlatforms) = postSolution
		{30610124-0103-477E-A221-D78B8144B510}.Debug|Any CPU.ActiveCfg = Debug|Any CPU
		{30610124-0103-477E-A221-D78B8144B510}.Debug|Any CPU.Build.0 = Debug|Any CPU
		{30610124-0103-477E-A221-D78B8144B510}.Release|Any CPU.ActiveCfg = Release|Any CPU
		{30610124-0103-477E-A221-D78B8144B510}.Release|Any CPU.Build.0 = Release|Any CPU
	EndGlobalSection
	GlobalSection(SolutionProperties) = preSolution
		HideSolutionNode = FALSE
	EndGlobalSection
	GlobalSection(ExtensibilityGlobals) = postSolution
		SolutionGuid = {E9C6E7FD-A042-475A-B733-B22C89C9F214}
	EndGlobalSection
EndGlobal
